
Microsoft Visual Studio Solution File, Format Version 12.00
# Visual Studio 15
VisualStudioVersion = 15.0.27428.2027
MinimumVisualStudioVersion = 10.0.40219.1
Project("{FAE04EC0-301F-11D3-BF4B-00C04F79EFBC}") = "Assignment3UguralpOnbasli", "Assignment3UguralpOnbasli\Assignment3UguralpOnbasli.csproj", "{02D020E1-C9BC-45E0-9253-389D7D671ACB}"
EndProject
Global
	GlobalSection(SolutionConfigurationPlatforms) = preSolution
		Debug|Any CPU = Debug|Any CPU
		Release|Any CPU = Release|Any CPU
	EndGlobalSection
	GlobalSection(ProjectConfigurationPlatforms) = postSolution
		{02D020E1-C9BC-45E0-9253-389D7D671ACB}.Debug|Any CPU.ActiveCfg = Debug|Any CPU
		{02D020E1-C9BC-45E0-9253-389D7D671ACB}.Debug|Any CPU.Build.0 = Debug|Any CPU
		{02D020E1-C9BC-45E0-9253-389D7D671ACB}.Release|Any CPU.ActiveCfg = Release|Any CPU
		{02D020E1-C9BC-45E0-9253-389D7D671ACB}.Release|Any CPU.Build.0 = Release|Any CPU
	EndGlobalSection
	GlobalSection(SolutionProperties) = preSolution
		HideSolutionNode = FALSE
	EndGlobalSection
	GlobalSection(ExtensibilityGlobals) = postSolution
		SolutionGuid = {83C1FD22-7EAE-4A9B-9BDB-23AB587454AB}
	EndGlobalSection
EndGlobal
